// !$*UTF8*$!
{
	archiveVersion = 1;
	classes = {
	};
	objectVersion = 46;
	objects = {

/* Begin PBXBuildFile section */
		016738D015C014DA00F6861E /* UIKit.framework in Frameworks */ = {isa = PBXBuildFile; fileRef = 016738CF15C014DA00F6861E /* UIKit.framework */; };
		016738D215C014DA00F6861E /* Foundation.framework in Frameworks */ = {isa = PBXBuildFile; fileRef = 016738D115C014DA00F6861E /* Foundation.framework */; };
		016738D415C014DA00F6861E /* CoreGraphics.framework in Frameworks */ = {isa = PBXBuildFile; fileRef = 016738D315C014DA00F6861E /* CoreGraphics.framework */; };
		016738DA15C014DA00F6861E /* InfoPlist.strings in Resources */ = {isa = PBXBuildFile; fileRef = 016738D815C014DA00F6861E /* InfoPlist.strings */; };
		016738DC15C014DA00F6861E /* main.m in Sources */ = {isa = PBXBuildFile; fileRef = 016738DB15C014DA00F6861E /* main.m */; };
		016738E015C014DA00F6861E /* AppDelegate.m in Sources */ = {isa = PBXBuildFile; fileRef = 016738DF15C014DA00F6861E /* AppDelegate.m */; };
		016738E315C014DA00F6861E /* MainStoryboard.storyboard in Resources */ = {isa = PBXBuildFile; fileRef = 016738E115C014DA00F6861E /* MainStoryboard.storyboard */; };
		016738E615C014DA00F6861E /* ViewController.m in Sources */ = {isa = PBXBuildFile; fileRef = 016738E515C014DA00F6861E /* ViewController.m */; };
/* End PBXBuildFile section */

/* Begin PBXFileReference section */
		016738CB15C014D900F6861E /* CustomCellTutorial.app */ = {isa = PBXFileReference; explicitFileType = wrapper.application; includeInIndex = 0; path = CustomCellTutorial.app; sourceTree = BUILT_PRODUCTS_DIR; };
		016738CF15C014DA00F6861E /* UIKit.framework */ = {isa = PBXFileReference; lastKnownFileType = wrapper.framework; name = UIKit.framework; path = System/Library/Frameworks/UIKit.framework; sourceTree = SDKROOT; };
		016738D115C014DA00F6861E /* Foundation.framework */ = {isa = PBXFileReference; lastKnownFileType = wrapper.framework; name = Foundation.framework; path = System/Library/Frameworks/Foundation.framework; sourceTree = SDKROOT; };
		016738D315C014DA00F6861E /* CoreGraphics.framework */ = {isa = PBXFileReference; lastKnownFileType = wrapper.framework; name = CoreGraphics.framework; path = System/Library/Frameworks/CoreGraphics.framework; sourceTree = SDKROOT; };
		016738D715C014DA00F6861E /* CustomCellTutorial-Info.plist */ = {isa = PBXFileReference; path = "CustomCellTutorial-Info.plist"; sourceTree = "<group>"; };
		016738D915C014DA00F6861E /* en */ = {isa = PBXFileReference; lastKnownFileType = text.plist.strings; name = en; path = en.lproj/InfoPlist.strings; sourceTree = "<group>"; };
		016738DB15C014DA00F6861E /* main.m */ = {isa = PBXFileReference; lastKnownFileType = sourcecode.c.objc; path = main.m; sourceTree = "<group>"; };
		016738DD15C014DA00F6861E /* CustomCellTutorial-Prefix.pch */ = {isa = PBXFileReference; path = "CustomCellTutorial-Prefix.pch"; sourceTree = "<group>"; };
		016738DE15C014DA00F6861E /* AppDelegate.h */ = {isa = PBXFileReference; path = AppDelegate.h; sourceTree = "<group>"; };
		016738DF15C014DA00F6861E /* AppDelegate.m */ = {isa = PBXFileReference; lastKnownFileType = sourcecode.c.objc; path = AppDelegate.m; sourceTree = "<group>"; };
		016738E215C014DA00F6861E /* en */ = {isa = PBXFileReference; lastKnownFileType = file.storyboard; name = en; path = en.lproj/MainStoryboard.storyboard; sourceTree = "<group>"; };
		016738E415C014DA00F6861E /* ViewController.h */ = {isa = PBXFileReference; path = ViewController.h; sourceTree = "<group>"; };
		016738E515C014DA00F6861E /* ViewController.m */ = {isa = PBXFileReference; lastKnownFileType = sourcecode.c.objc; path = ViewController.m; sourceTree = "<group>"; };
/* End PBXFileReference section */

/* Begin PBXFrameworksBuildPhase section */
		016738C815C014D900F6861E /* Frameworks */ = {
			isa = PBXFrameworksBuildPhase;
			buildActionMask = 2147483647;
			files = (
				016738D015C014DA00F6861E /* UIKit.framework in Frameworks */,
				016738D215C014DA00F6861E /* Foundation.framework in Frameworks */,
				016738D415C014DA00F6861E /* CoreGraphics.framework in Frameworks */,
			);
			runOnlyForDeploymentPostprocessing = 0;
		};
/* End PBXFrameworksBuildPhase section */

/* Begin PBXGroup section */
		016738C015C014D900F6861E = {
			isa = PBXGroup;
			children = (
				016738D515C014DA00F6861E /* CustomCellTutorial */,
				016738CE15C014D900F6861E /* Frameworks */,
				016738CC15C014D900F6861E /* Products */,
			);
			sourceTree = "<group>";
		};
		016738CC15C014D900F6861E /* Products */ = {
			isa = PBXGroup;
			children = (
				016738CB15C014D900F6861E /* CustomCellTutorial.app */,
			);
			name = Products;
			sourceTree = "<group>";
		};
		016738CE15C014D900F6861E /* Frameworks */ = {
			isa = PBXGroup;
			children = (
				016738CF15C014DA00F6861E /* UIKit.framework */,
				016738D115C014DA00F6861E /* Foundation.framework */,
				016738D315C014DA00F6861E /* CoreGraphics.framework */,
			);
			name = Frameworks;
			sourceTree = "<group>";
		};
		016738D515C014DA00F6861E /* CustomCellTutorial */ = {
			isa = PBXGroup;
			children = (
				016738DE15C014DA00F6861E /* AppDelegate.h */,
				016738DF15C014DA00F6861E /* AppDelegate.m */,
				016738E115C014DA00F6861E /* MainStoryboard.storyboard */,
				016738E415C014DA00F6861E /* ViewController.h */,
				016738E515C014DA00F6861E /* ViewController.m */,
				016738D615C014DA00F6861E /* Supporting Files */,
			);
			path = CustomCellTutorial;
			sourceTree = "<group>";
		};
		016738D615C014DA00F6861E /* Supporting Files */ = {
			isa = PBXGroup;
			children = (
				016738D715C014DA00F6861E /* CustomCellTutorial-Info.plist */,
				016738D815C014DA00F6861E /* InfoPlist.strings */,
				016738DB15C014DA00F6861E /* main.m */,
				016738DD15C014DA00F6861E /* CustomCellTutorial-Prefix.pch */,
			);
			name = "Supporting Files";
			sourceTree = "<group>";
		};
/* End PBXGroup section */

/* Begin PBXNativeTarget section */
		016738CA15C014D900F6861E /* CustomCellTutorial */ = {
			isa = PBXNativeTarget;
			buildConfigurationList = 016738E915C014DA00F6861E /* Build configuration list for PBXNativeTarget "CustomCellTutorial" */;
			buildPhases = (
				016738C715C014D900F6861E /* Sources */,
				016738C815C014D900F6861E /* Frameworks */,
				016738C915C014D900F6861E /* Resources */,
			);
			buildRules = (
			);
			dependencies = (
			);
			name = CustomCellTutorial;
			productName = CustomCellTutorial;
			productReference = 016738CB15C014D900F6861E /* CustomCellTutorial.app */;
			productType = "com.apple.product-type.application";
		};
/* End PBXNativeTarget section */

/* Begin PBXProject section */
		016738C215C014D900F6861E /* Project object */ = {
			isa = PBXProject;
			attributes = {
				LastUpgradeCheck = 0430;
				ORGANIZATIONNAME = MyCompanyName;
			};
			buildConfigurationList = 016738C515C014D900F6861E /* Build configuration list for PBXProject "CustomCellTutorial" */;
			compatibilityVersion = "Xcode 3.2";
			developmentRegion = English;
			hasScannedForEncodings = 0;
			knownRegions = (
				en,
			);
			mainGroup = 016738C015C014D900F6861E;
			productRefGroup = 016738CC15C014D900F6861E /* Products */;
			projectDirPath = "";
			projectRoot = "";
			targets = (
				016738CA15C014D900F6861E /* CustomCellTutorial */,
			);
		};
/* End PBXProject section */

/* Begin PBXResourcesBuildPhase section */
		016738C915C014D900F6861E /* Resources */ = {
			isa = PBXResourcesBuildPhase;
			buildActionMask = 2147483647;
			files = (
				016738DA15C014DA00F6861E /* InfoPlist.strings in Resources */,
				016738E315C014DA00F6861E /* MainStoryboard.storyboard in Resources */,
			);
			runOnlyForDeploymentPostprocessing = 0;
		};
/* End PBXResourcesBuildPhase section */

/* Begin PBXSourcesBuildPhase section */
		016738C715C014D900F6861E /* Sources */ = {
			isa = PBXSourcesBuildPhase;
			buildActionMask = 2147483647;
			files = (
				016738DC15C014DA00F6861E /* main.m in Sources */,
				016738E015C014DA00F6861E /* AppDelegate.m in Sources */,
				016738E615C014DA00F6861E /* ViewController.m in Sources */,
			);
			runOnlyForDeploymentPostprocessing = 0;
		};
/* End PBXSourcesBuildPhase section */

/* Begin PBXVariantGroup section */
		016738D815C014DA00F6861E /* InfoPlist.strings */ = {
			isa = PBXVariantGroup;
			children = (
				016738D915C014DA00F6861E /* en */,
			);
			name = InfoPlist.strings;
			sourceTree = "<group>";
		};
		016738E115C014DA00F6861E /* MainStoryboard.storyboard */ = {
			isa = PBXVariantGroup;
			children = (
				016738E215C014DA00F6861E /* en */,
			);
			name = MainStoryboard.storyboard;
			sourceTree = "<group>";
		};
/* End PBXVariantGroup section */

/* Begin XCBuildConfiguration section */
		016738E715C014DA00F6861E /* Debug */ = {
			isa = XCBuildConfiguration;
			buildSettings = {
				ALWAYS_SEARCH_USER_PATHS = NO;
				ARCHS = "$(ARCHS_STANDARD_32_BIT)";
				CLANG_ENABLE_OBJC_ARC = YES;
				"CODE_SIGN_IDENTITY[sdk=iphoneos*]" = "iPhone Developer";
				COPY_PHASE_STRIP = NO;
				GCC_C_LANGUAGE_STANDARD = gnu99;
				GCC_DYNAMIC_NO_PIC = NO;
				GCC_OPTIMIZATION_LEVEL = 0;
				GCC_PREPROCESSOR_DEFINITIONS = (
					"DEBUG=1",
					"$(inherited)",
				);
				GCC_SYMBOLS_PRIVATE_EXTERN = NO;
				GCC_VERSION = com.apple.compilers.llvm.clang.1_0;
				GCC_WARN_ABOUT_RETURN_TYPE = YES;
				GCC_WARN_UNINITIALIZED_AUTOS = YES;
				GCC_WARN_UNUSED_VARIABLE = YES;
				IPHONEOS_DEPLOYMENT_TARGET = 5.1;
				SDKROOT = iphoneos;
				TARGETED_DEVICE_FAMILY = 2;
			};
			name = Debug;
		};
		016738E815C014DA00F6861E /* Release */ = {
			isa = XCBuildConfiguration;
			buildSettings = {
				ALWAYS_SEARCH_USER_PATHS = NO;
				ARCHS = "$(ARCHS_STANDARD_32_BIT)";
				CLANG_ENABLE_OBJC_ARC = YES;
				"CODE_SIGN_IDENTITY[sdk=iphoneos*]" = "iPhone Developer";
				COPY_PHASE_STRIP = YES;
				GCC_C_LANGUAGE_STANDARD = gnu99;
				GCC_VERSION = com.apple.compilers.llvm.clang.1_0;
				GCC_WARN_ABOUT_RETURN_TYPE = YES;
				GCC_WARN_UNINITIALIZED_AUTOS = YES;
				GCC_WARN_UNUSED_VARIABLE = YES;
				IPHONEOS_DEPLOYMENT_TARGET = 5.1;
				OTHER_CFLAGS = "-DNS_BLOCK_ASSERTIONS=1";
				SDKROOT = iphoneos;
				TARGETED_DEVICE_FAMILY = 2;
				VALIDATE_PRODUCT = YES;
			};
			name = Release;
		};
		016738EA15C014DA00F6861E /* Debug */ = {
			isa = XCBuildConfiguration;
			buildSettings = {
				GCC_PRECOMPILE_PREFIX_HEADER = YES;
				GCC_PREFIX_HEADER = "CustomCellTutorial/CustomCellTutorial-Prefix.pch";
				INFOPLIST_FILE = "CustomCellTutorial/CustomCellTutorial-Info.plist";
				PRODUCT_NAME = "$(TARGET_NAME)";
				WRAPPER_EXTENSION = app;
			};
			name = Debug;
		};
		016738EB15C014DA00F6861E /* Release */ = {
			isa = XCBuildConfiguration;
			buildSettings = {
				GCC_PRECOMPILE_PREFIX_HEADER = YES;
				GCC_PREFIX_HEADER = "CustomCellTutorial/CustomCellTutorial-Prefix.pch";
				INFOPLIST_FILE = "CustomCellTutorial/CustomCellTutorial-Info.plist";
				PRODUCT_NAME = "$(TARGET_NAME)";
				WRAPPER_EXTENSION = app;
			};
			name = Release;
		};
/* End XCBuildConfiguration section */

/* Begin XCConfigurationList section */
		016738C515C014D900F6861E /* Build configuration list for PBXProject "CustomCellTutorial" */ = {
			isa = XCConfigurationList;
			buildConfigurations = (
				016738E715C014DA00F6861E /* Debug */,
				016738E815C014DA00F6861E /* Release */,
			);
			defaultConfigurationIsVisible = 0;
			defaultConfigurationName = Release;
		};
		016738E915C014DA00F6861E /* Build configuration list for PBXNativeTarget "CustomCellTutorial" */ = {
			isa = XCConfigurationList;
			buildConfigurations = (
				016738EA15C014DA00F6861E /* Debug */,
				016738EB15C014DA00F6861E /* Release */,
			);
			defaultConfigurationIsVisible = 0;
		};
/* End XCConfigurationList section */
	};
	rootObject = 016738C215C014D900F6861E /* Project object */;
}
